{
  "name": "chyren",
  "version": "1.0.0",
  "lockfileVersion": 3,
  "requires": true,
  "packages": {
    "": {
      "name": "chyren",
      "version": "1.0.0",
      "dependencies": {
        "ask-sdk-core": "^2.14.0",
        "ask-sdk-model": "^1.85.0"
      }
    },
    "node_modules/ask-sdk-core": {
      "version": "2.14.0",
      "license": "Apache-2.0",
      "dependencies": {
        "ask-sdk-runtime": "^2.14.0"
      },
      "peerDependencies": {
        "ask-sdk-model": "^1.29.0"
      }
    },
    "node_modules/ask-sdk-model": {
      "version": "1.86.0",
      "license": "Apache-2.0"
    },
    "node_modules/ask-sdk-runtime": {
      "version": "2.14.0",
      "license": "Apache-2.0"
    }
  }
}
